version: 6
environments:
  default:
    channels:
    - url: https://conda.anaconda.org/conda-forge/
    packages:
      osx-arm64:
      - conda: https://conda.anaconda.org/conda-forge/osx-arm64/bzip2-1.0.8-hd037594_8.conda
      - conda: https://conda.anaconda.org/conda-forge/noarch/ca-certificates-2025.8.3-hbd8a1cb_0.conda
      - conda: https://conda.anaconda.org/conda-forge/noarch/cpython-3.8.20-py38hd8ed1ab_2.conda
      - conda: https://conda.anaconda.org/conda-forge/noarch/filelock-3.16.1-pyhd8ed1ab_0.conda
      - conda: https://conda.anaconda.org/conda-forge/noarch/fsspec-2024.10.0-pyhff2d567_0.conda
      - conda: https://conda.anaconda.org/conda-forge/osx-arm64/gmp-6.3.0-h7bae524_2.conda
      - conda: https://conda.anaconda.org/conda-forge/osx-arm64/gmpy2-2.1.5-py38he1ac458_1.conda
      - conda: https://conda.anaconda.org/conda-forge/osx-arm64/icu-75.1-hfee45f7_0.conda
      - conda: https://conda.anaconda.org/conda-forge/noarch/jinja2-3.1.4-pyhd8ed1ab_0.conda
      - conda: https://conda.anaconda.org/conda-forge/osx-arm64/libabseil-20240116.2-cxx17_h00cdb27_1.conda
      - conda: https://conda.anaconda.org/conda-forge/osx-arm64/libblas-3.9.0-36_h51639a9_openblas.conda
      - conda: https://conda.anaconda.org/conda-forge/osx-arm64/libcblas-3.9.0-36_hb0561ab_openblas.conda
      - conda: https://conda.anaconda.org/conda-forge/osx-arm64/libcxx-21.1.2-hf598326_0.conda
      - conda: https://conda.anaconda.org/conda-forge/osx-arm64/libffi-3.4.6-h1da3d7d_1.conda
      - conda: https://conda.anaconda.org/conda-forge/osx-arm64/libgfortran-15.1.0-hfdf1602_1.conda
      - conda: https://conda.anaconda.org/conda-forge/osx-arm64/libgfortran5-15.1.0-hb74de2c_1.conda
      - conda: https://conda.anaconda.org/conda-forge/osx-arm64/liblapack-3.9.0-36_hd9741b5_openblas.conda
      - conda: https://conda.anaconda.org/conda-forge/osx-arm64/liblzma-5.8.1-h39f12f2_2.conda
      - conda: https://conda.anaconda.org/conda-forge/osx-arm64/liblzma-devel-5.8.1-h39f12f2_2.conda
      - conda: https://conda.anaconda.org/conda-forge/osx-arm64/libopenblas-0.3.30-openmp_h60d53f8_2.conda
      - conda: https://conda.anaconda.org/conda-forge/osx-arm64/libprotobuf-4.25.3-hc39d83c_1.conda
      - conda: https://conda.anaconda.org/conda-forge/osx-arm64/libsqlite-3.50.4-h4237e3c_0.conda
      - conda: https://conda.anaconda.org/conda-forge/osx-arm64/libtorch-2.4.0-cpu_generic_h98550ab_1.conda
      - conda: https://conda.anaconda.org/conda-forge/osx-arm64/libuv-1.51.0-h6caf38d_1.conda
      - conda: https://conda.anaconda.org/conda-forge/osx-arm64/libzlib-1.3.1-h8359307_2.conda
      - conda: https://conda.anaconda.org/conda-forge/osx-arm64/llvm-openmp-21.1.0-hbb9b287_0.conda
      - conda: https://conda.anaconda.org/conda-forge/osx-arm64/markupsafe-2.1.5-py38h336bac9_0.conda
      - conda: https://conda.anaconda.org/conda-forge/osx-arm64/mpc-1.3.1-h8f1351a_1.conda
      - conda: https://conda.anaconda.org/conda-forge/osx-arm64/mpfr-4.2.1-hb693164_3.conda
      - conda: https://conda.anaconda.org/conda-forge/noarch/mpmath-1.3.0-pyhd8ed1ab_0.conda
      - conda: https://conda.anaconda.org/conda-forge/osx-arm64/ncurses-6.5-h5e97a16_3.conda
      - conda: https://conda.anaconda.org/conda-forge/noarch/networkx-3.1-pyhd8ed1ab_0.conda
      - conda: https://conda.anaconda.org/conda-forge/noarch/nomkl-1.0-h5ca1d4c_0.tar.bz2
      - conda: https://conda.anaconda.org/conda-forge/osx-arm64/numpy-1.24.4-py38ha84db1f_0.conda
      - conda: https://conda.anaconda.org/conda-forge/osx-arm64/openssl-3.5.3-h5503f6c_1.conda
      - conda: https://conda.anaconda.org/conda-forge/osx-arm64/python-3.8.20-h7d35d02_2_cpython.conda
      - conda: https://conda.anaconda.org/conda-forge/noarch/python_abi-3.8-8_cp38.conda
      - conda: https://conda.anaconda.org/conda-forge/osx-arm64/pytorch-2.4.0-cpu_generic_py38h64a1d9f_1.conda
      - conda: https://conda.anaconda.org/conda-forge/osx-arm64/readline-8.2-h1d1bf99_2.conda
      - conda: https://conda.anaconda.org/conda-forge/osx-arm64/sleef-3.9.0-hb028509_0.conda
      - conda: https://conda.anaconda.org/conda-forge/noarch/sympy-1.13.3-pyh2585a3b_104.conda
      - conda: https://conda.anaconda.org/conda-forge/osx-arm64/tk-8.6.13-h892fb3f_2.conda
      - conda: https://conda.anaconda.org/conda-forge/noarch/typing_extensions-4.12.2-pyha770c72_0.conda
      - conda: https://conda.anaconda.org/conda-forge/osx-arm64/xz-5.8.1-h9a6d368_2.conda
      - conda: https://conda.anaconda.org/conda-forge/osx-arm64/xz-gpl-tools-5.8.1-h9a6d368_2.conda
      - conda: https://conda.anaconda.org/conda-forge/osx-arm64/xz-tools-5.8.1-h39f12f2_2.conda
packages:
- conda: https://conda.anaconda.org/conda-forge/osx-arm64/bzip2-1.0.8-hd037594_8.conda
  sha256: b456200636bd5fecb2bec63f7e0985ad2097cf1b83d60ce0b6968dffa6d02aa1
  md5: 58fd217444c2a5701a44244faf518206
  depends:
  - __osx >=11.0
  license: bzip2-1.0.6
  license_family: BSD
  size: 125061
  timestamp: 1757437486465
- conda: https://conda.anaconda.org/conda-forge/noarch/ca-certificates-2025.8.3-hbd8a1cb_0.conda
  sha256: 837b795a2bb39b75694ba910c13c15fa4998d4bb2a622c214a6a5174b2ae53d1
  md5: 74784ee3d225fc3dca89edb635b4e5cc
  depends:
  - __unix
  license: ISC
  size: 154402
  timestamp: 1754210968730
- conda: https://conda.anaconda.org/conda-forge/noarch/cpython-3.8.20-py38hd8ed1ab_2.conda
  noarch: generic
  sha256: 4ca2a3c4b1a706d41101a6eac8ca3c7057496014f183d497e9907019df5a8202
  md5: d84581c0ef3fe37ad90399009ad3bf94
  depends:
  - python 3.8.20.*
  - python_abi * *_cp38
  license: Python-2.0
  size: 49643
  timestamp: 1727718652905
- conda: https://conda.anaconda.org/conda-forge/noarch/filelock-3.16.1-pyhd8ed1ab_0.conda
  sha256: 1da766da9dba05091af87977922fe60dc7464091a9ccffb3765d403189d39be4
  md5: 916f8ec5dd4128cd5f207a3c4c07b2c6
  depends:
  - python >=3.7
  license: Unlicense
  size: 17357
  timestamp: 1726613593584
- conda: https://conda.anaconda.org/conda-forge/noarch/fsspec-2024.10.0-pyhff2d567_0.conda
  sha256: 40bb76981dd49d5869b48925a8975bb7bbe4e33e1e40af4ec06f6bf4a62effd7
  md5: 816dbc4679a64e4417cd1385d661bb31
  depends:
  - python >=3.8
  license: BSD-3-Clause
  license_family: BSD
  size: 134745
  timestamp: 1729608972363
- conda: https://conda.anaconda.org/conda-forge/osx-arm64/gmp-6.3.0-h7bae524_2.conda
  sha256: 76e222e072d61c840f64a44e0580c2503562b009090f55aa45053bf1ccb385dd
  md5: eed7278dfbab727b56f2c0b64330814b
  depends:
  - __osx >=11.0
  - libcxx >=16
  license: GPL-2.0-or-later OR LGPL-3.0-or-later
  size: 365188
  timestamp: 1718981343258
- conda: https://conda.anaconda.org/conda-forge/osx-arm64/gmpy2-2.1.5-py38he1ac458_1.conda
  sha256: a07317327468a9650fdaa8047f9881ac1839ad78c08be754d40c4c42974a0098
  md5: 991b7e1ec1369a960e026634a5cabb9d
  depends:
  - __osx >=11.0
  - gmp >=6.3.0,<7.0a0
  - mpc >=1.3.1,<2.0a0
  - mpfr >=4.2.1,<5.0a0
  - python >=3.8,<3.9.0a0
  - python >=3.8,<3.9.0a0 *_cpython
  - python_abi 3.8.* *_cp38
  license: LGPL-3.0-or-later
  license_family: LGPL
  size: 148840
  timestamp: 1715527605980
- conda: https://conda.anaconda.org/conda-forge/osx-arm64/icu-75.1-hfee45f7_0.conda
  sha256: 9ba12c93406f3df5ab0a43db8a4b4ef67a5871dfd401010fbe29b218b2cbe620
  md5: 5eb22c1d7b3fc4abb50d92d621583137
  depends:
  - __osx >=11.0
  license: MIT
  license_family: MIT
  size: 11857802
  timestamp: 1720853997952
- conda: https://conda.anaconda.org/conda-forge/noarch/jinja2-3.1.4-pyhd8ed1ab_0.conda
  sha256: 27380d870d42d00350d2d52598cddaf02f9505fb24be09488da0c9b8d1428f2d
  md5: 7b86ecb7d3557821c649b3c31e3eb9f2
  depends:
  - markupsafe >=2.0
  - python >=3.7
  license: BSD-3-Clause
  license_family: BSD
  size: 111565
  timestamp: 1715127275924
- conda: https://conda.anaconda.org/conda-forge/osx-arm64/libabseil-20240116.2-cxx17_h00cdb27_1.conda
  sha256: a9517c8683924f4b3b9380cdaa50fdd2009cd8d5f3918c92f64394238189d3cb
  md5: f16963d88aed907af8b90878b8d8a05c
  depends:
  - __osx >=11.0
  - libcxx >=16
  constrains:
  - abseil-cpp =20240116.2
  - libabseil-static =20240116.2=cxx17*
  license: Apache-2.0
  license_family: Apache
  size: 1136123
  timestamp: 1720857649214
- conda: https://conda.anaconda.org/conda-forge/osx-arm64/libblas-3.9.0-36_h51639a9_openblas.conda
  build_number: 36
  sha256: acedf4c86be500172ed84a1bf37425e5c538f0494341ebdc829001cd37707564
  md5: 3bf1e49358861ce86825eaa47c092f29
  depends:
  - libopenblas >=0.3.30,<0.3.31.0a0
  - libopenblas >=0.3.30,<1.0a0
  constrains:
  - liblapacke 3.9.0   36*_openblas
  - libcblas   3.9.0   36*_openblas
  - liblapack  3.9.0   36*_openblas
  - mkl <2025
  - blas 2.136   openblas
  license: BSD-3-Clause
  license_family: BSD
  size: 17733
  timestamp: 1758397710974
- conda: https://conda.anaconda.org/conda-forge/osx-arm64/libcblas-3.9.0-36_hb0561ab_openblas.conda
  build_number: 36
  sha256: ee8b3386c9fe8668eb9013ffea5c60f7546d0d298931f7ec0637b08d796029de
  md5: 46aefc2fcef5f1f128d0549cb0fad584
  depends:
  - libblas 3.9.0 36_h51639a9_openblas
  constrains:
  - liblapack  3.9.0   36*_openblas
  - liblapacke 3.9.0   36*_openblas
  - blas 2.136   openblas
  license: BSD-3-Clause
  license_family: BSD
  size: 17717
  timestamp: 1758397731650
- conda: https://conda.anaconda.org/conda-forge/osx-arm64/libcxx-21.1.2-hf598326_0.conda
  sha256: 3de00998c8271f599d6ed9aea60dc0b3e5b1b7ff9f26f8eac95f86f135aa9beb
  md5: edfa256c5391f789384e470ce5c9f340
  depends:
  - __osx >=11.0
  license: Apache-2.0 WITH LLVM-exception
  license_family: Apache
  size: 568154
  timestamp: 1758698306949
- conda: https://conda.anaconda.org/conda-forge/osx-arm64/libffi-3.4.6-h1da3d7d_1.conda
  sha256: c6a530924a9b14e193ea9adfe92843de2a806d1b7dbfd341546ece9653129e60
  md5: c215a60c2935b517dcda8cad4705734d
  depends:
  - __osx >=11.0
  license: MIT
  license_family: MIT
  size: 39839
  timestamp: 1743434670405
- conda: https://conda.anaconda.org/conda-forge/osx-arm64/libgfortran-15.1.0-hfdf1602_1.conda
  sha256: 981e3fac416e80b007a2798d6c1d4357ebebeb72a039aca1fb3a7effe9dcae86
  md5: c98207b6e2b1a309abab696d229f163e
  depends:
  - libgfortran5 15.1.0 hb74de2c_1
  license: GPL-3.0-only WITH GCC-exception-3.1
  license_family: GPL
  size: 134383
  timestamp: 1756239485494
- conda: https://conda.anaconda.org/conda-forge/osx-arm64/libgfortran5-15.1.0-hb74de2c_1.conda
  sha256: 1f8f5b2fdd0d2559d0f3bade8da8f57e9ee9b54685bd6081c6d6d9a2b0239b41
  md5: 4281bd1c654cb4f5cab6392b3330451f
  depends:
  - llvm-openmp >=8.0.0
  constrains:
  - libgfortran 15.1.0
  license: GPL-3.0-only WITH GCC-exception-3.1
  license_family: GPL
  size: 759679
  timestamp: 1756238772083
- conda: https://conda.anaconda.org/conda-forge/osx-arm64/liblapack-3.9.0-36_hd9741b5_openblas.conda
  build_number: 36
  sha256: ffadfc04f5fb9075715fc4db0b6f2e88c23931eb06a193531ee3ba936dedc433
  md5: e0b918b8232902da02c2c5b4eb81f4d5
  depends:
  - libblas 3.9.0 36_h51639a9_openblas
  constrains:
  - libcblas   3.9.0   36*_openblas
  - liblapacke 3.9.0   36*_openblas
  - blas 2.136   openblas
  license: BSD-3-Clause
  license_family: BSD
  size: 17728
  timestamp: 1758397741587
- conda: https://conda.anaconda.org/conda-forge/osx-arm64/liblzma-5.8.1-h39f12f2_2.conda
  sha256: 0cb92a9e026e7bd4842f410a5c5c665c89b2eb97794ffddba519a626b8ce7285
  md5: d6df911d4564d77c4374b02552cb17d1
  depends:
  - __osx >=11.0
  constrains:
  - xz 5.8.1.*
  license: 0BSD
  size: 92286
  timestamp: 1749230283517
- conda: https://conda.anaconda.org/conda-forge/osx-arm64/liblzma-devel-5.8.1-h39f12f2_2.conda
  sha256: 974804430e24f0b00f3a48b67ec10c9f5441c9bb3d82cc0af51ba45b8a75a241
  md5: 1201137f1a5ec9556032ffc04dcdde8d
  depends:
  - __osx >=11.0
  - liblzma 5.8.1 h39f12f2_2
  license: 0BSD
  size: 116244
  timestamp: 1749230297170
- conda: https://conda.anaconda.org/conda-forge/osx-arm64/libopenblas-0.3.30-openmp_h60d53f8_2.conda
  sha256: 7b8551a4d21cf0b19f9a162f1f283a201b17f1bd5a6579abbd0d004788c511fa
  md5: d004259fd8d3d2798b16299d6ad6c9e9
  depends:
  - __osx >=11.0
  - libgfortran
  - libgfortran5 >=14.3.0
  - llvm-openmp >=19.1.7
  constrains:
  - openblas >=0.3.30,<0.3.31.0a0
  license: BSD-3-Clause
  license_family: BSD
  size: 4284696
  timestamp: 1755471861128
- conda: https://conda.anaconda.org/conda-forge/osx-arm64/libprotobuf-4.25.3-hc39d83c_1.conda
  sha256: f51bde2dfe73968ab3090c1098f520b65a8d8f11e945cb13bf74d19e30966b61
  md5: fa77986d9170450c014586ab87e144f8
  depends:
  - __osx >=11.0
  - libabseil * cxx17*
  - libabseil >=20240116.2,<20240117.0a0
  - libcxx >=17
  - libzlib >=1.3.1,<2.0a0
  license: BSD-3-Clause
  license_family: BSD
  size: 2177164
  timestamp: 1727160770879
- conda: https://conda.anaconda.org/conda-forge/osx-arm64/libsqlite-3.50.4-h4237e3c_0.conda
  sha256: 802ebe62e6bc59fc26b26276b793e0542cfff2d03c086440aeaf72fb8bbcec44
  md5: 1dcb0468f5146e38fae99aef9656034b
  depends:
  - __osx >=11.0
  - icu >=75.1,<76.0a0
  - libzlib >=1.3.1,<2.0a0
  license: blessing
  size: 902645
  timestamp: 1753948599139
- conda: https://conda.anaconda.org/conda-forge/osx-arm64/libtorch-2.4.0-cpu_generic_h98550ab_1.conda
  sha256: 8c869ca73777531206240782f61ec5bb6dbb146ac5c1e1f4f446e5d6ec91c76d
  md5: ab1bb87151f0bdd40260396a9f5432ce
  depends:
  - __osx >=11.0
  - libabseil * cxx17*
  - libabseil >=20240116.2,<20240117.0a0
  - libcblas >=3.9.0,<4.0a0
  - libcxx >=17
  - liblapack >=3.9.0,<4.0a0
  - libprotobuf >=4.25.3,<4.25.4.0a0
  - libuv >=1.48.0,<2.0a0
  - llvm-openmp >=17.0.6
  - numpy >=1.22.4,<2.0a0
  - python >=3.8,<3.9.0a0 *_cpython
  - python_abi 3.8.* *_cp38
  - sleef >=3.6.1,<4.0a0
  constrains:
  - pytorch-gpu ==99999999
  - pytorch-cpu ==2.4.0
  - pytorch 2.4.0 cpu_generic_*_1
  license: BSD-3-Clause
  license_family: BSD
  size: 28585559
  timestamp: 1724566197836
- conda: https://conda.anaconda.org/conda-forge/osx-arm64/libuv-1.51.0-h6caf38d_1.conda
  sha256: 042c7488ad97a5629ec0a991a8b2a3345599401ecc75ad6a5af73b60e6db9689
  md5: c0d87c3c8e075daf1daf6c31b53e8083
  depends:
  - __osx >=11.0
  license: MIT
  license_family: MIT
  size: 421195
  timestamp: 1753948426421
- conda: https://conda.anaconda.org/conda-forge/osx-arm64/libzlib-1.3.1-h8359307_2.conda
  sha256: ce34669eadaba351cd54910743e6a2261b67009624dbc7daeeafdef93616711b
  md5: 369964e85dc26bfe78f41399b366c435
  depends:
  - __osx >=11.0
  constrains:
  - zlib 1.3.1 *_2
  license: Zlib
  license_family: Other
  size: 46438
  timestamp: 1727963202283
- conda: https://conda.anaconda.org/conda-forge/osx-arm64/llvm-openmp-21.1.0-hbb9b287_0.conda
  sha256: c6750073a128376a14bedacfa90caab4c17025c9687fcf6f96e863b28d543af4
  md5: e57d95fec6eaa747e583323cba6cfe5c
  depends:
  - __osx >=11.0
  constrains:
  - intel-openmp <0.0a0
  - openmp 21.1.0|21.1.0.*
  license: Apache-2.0 WITH LLVM-exception
  license_family: APACHE
  size: 286039
  timestamp: 1756673290280
- conda: https://conda.anaconda.org/conda-forge/osx-arm64/markupsafe-2.1.5-py38h336bac9_0.conda
  sha256: f1b1b405c5246c499d66658e754e920529866826b247111cd481e15d0571f702
  md5: 76e1802508a91e5970f42f6558f5064e
  depends:
  - python >=3.8,<3.9.0a0
  - python >=3.8,<3.9.0a0 *_cpython
  - python_abi 3.8.* *_cp38
  constrains:
  - jinja2 >=3.0.0
  license: BSD-3-Clause
  license_family: BSD
  size: 23719
  timestamp: 1706900313162
- conda: https://conda.anaconda.org/conda-forge/osx-arm64/mpc-1.3.1-h8f1351a_1.conda
  sha256: 2700899ad03302a1751dbf2bca135407e470dd83ac897ab91dd8675d4300f158
  md5: a5635df796b71f6ca400fc7026f50701
  depends:
  - __osx >=11.0
  - gmp >=6.3.0,<7.0a0
  - mpfr >=4.2.1,<5.0a0
  license: LGPL-3.0-or-later
  license_family: LGPL
  size: 104766
  timestamp: 1725629165420
- conda: https://conda.anaconda.org/conda-forge/osx-arm64/mpfr-4.2.1-hb693164_3.conda
  sha256: 4463e4e2aba7668e37a1b8532859191b4477a6f3602a5d6b4d64ad4c4baaeac5
  md5: 4e4ea852d54cc2b869842de5044662fb
  depends:
  - __osx >=11.0
  - gmp >=6.3.0,<7.0a0
  license: LGPL-3.0-only
  license_family: LGPL
  size: 345517
  timestamp: 1725746730583
- conda: https://conda.anaconda.org/conda-forge/noarch/mpmath-1.3.0-pyhd8ed1ab_0.conda
  sha256: a4f025c712ec1502a55c471b56a640eaeebfce38dd497d5a1a33729014cac47a
  md5: dbf6e2d89137da32fa6670f3bffc024e
  depends:
  - python >=3.6
  license: BSD-3-Clause
  license_family: BSD
  size: 438339
  timestamp: 1678228210181
- conda: https://conda.anaconda.org/conda-forge/osx-arm64/ncurses-6.5-h5e97a16_3.conda
  sha256: 2827ada40e8d9ca69a153a45f7fd14f32b2ead7045d3bbb5d10964898fe65733
  md5: 068d497125e4bf8a66bf707254fff5ae
  depends:
  - __osx >=11.0
  license: X11 AND BSD-3-Clause
  size: 797030
  timestamp: 1738196177597
- conda: https://conda.anaconda.org/conda-forge/noarch/networkx-3.1-pyhd8ed1ab_0.conda
  sha256: 6b955c8530985fa727ad3323653a54af44ecf453cfdb1b549b3edff609bd3728
  md5: 254f787d5068bc89f578bf63893ce8b4
  depends:
  - python >=3.8
  license: BSD-3-Clause
  license_family: BSD
  size: 1459994
  timestamp: 1680693050542
- conda: https://conda.anaconda.org/conda-forge/noarch/nomkl-1.0-h5ca1d4c_0.tar.bz2
  sha256: d38542a151a90417065c1a234866f97fd1ea82a81de75ecb725955ab78f88b4b
  md5: 9a66894dfd07c4510beb6b3f9672ccc0
  constrains:
  - mkl <0.a0
  license: BSD-3-Clause
  license_family: BSD
  size: 3843
  timestamp: 1582593857545
- conda: https://conda.anaconda.org/conda-forge/osx-arm64/numpy-1.24.4-py38ha84db1f_0.conda
  sha256: 5b3236885775a2b3c6d3396d6c29a4d4ce7687ca5534ab15ad7d6104a751dbc6
  md5: d33566c9c3ed5938f1d30747e8787a7d
  depends:
  - libblas >=3.9.0,<4.0a0
  - libcblas >=3.9.0,<4.0a0
  - libcxx >=15.0.7
  - liblapack >=3.9.0,<4.0a0
  - python >=3.8,<3.9.0a0
  - python >=3.8,<3.9.0a0 *_cpython
  - python_abi 3.8.* *_cp38
  constrains:
  - numpy-base <0a0
  license: BSD-3-Clause
  license_family: BSD
  size: 5589840
  timestamp: 1687809103359
- conda: https://conda.anaconda.org/conda-forge/osx-arm64/openssl-3.5.3-h5503f6c_1.conda
  sha256: d5499ee2611a0ca9d84e9d60a5978d1f17350e94915c89026f5d9346ccf0a987
  md5: 4b23b1e2aa9d81b16204e1304241ccae
  depends:
  - __osx >=11.0
  - ca-certificates
  license: Apache-2.0
  license_family: Apache
  size: 3069376
  timestamp: 1758598263612
- conda: https://conda.anaconda.org/conda-forge/osx-arm64/python-3.8.20-h7d35d02_2_cpython.conda
  build_number: 2
  sha256: cf8692e732697d47f0290ef83caa4b3115c7b277a3fb155b7de0f09fa1b5e27c
  md5: 29ed2994beffea2a256a7e14f9468df8
  depends:
  - __osx >=11.0
  - bzip2 >=1.0.8,<2.0a0
  - libffi >=3.4,<4.0a0
  - libsqlite >=3.46.1,<4.0a0
  - libzlib >=1.3.1,<2.0a0
  - ncurses >=6.5,<7.0a0
  - openssl >=3.3.2,<4.0a0
  - readline >=8.2,<9.0a0
  - tk >=8.6.13,<8.7.0a0
  - xz >=5.2.6,<6.0a0
  constrains:
  - python_abi 3.8.* *_cp38
  license: Python-2.0
  size: 11774160
  timestamp: 1727718758277
- conda: https://conda.anaconda.org/conda-forge/noarch/python_abi-3.8-8_cp38.conda
  build_number: 8
  sha256: 83c22066a672ce0b16e693c84aa6d5efb68e02eff037a55e047d7095d0fdb5ca
  md5: 4f7b6e3de4f15cc44e0f93b39f07205d
  constrains:
  - python 3.8.* *_cpython
  license: BSD-3-Clause
  license_family: BSD
  size: 6960
  timestamp: 1752805923703
- conda: https://conda.anaconda.org/conda-forge/osx-arm64/pytorch-2.4.0-cpu_generic_py38h64a1d9f_1.conda
  sha256: 73196d21dfe0e064e3b5d52355740671ffd66270e371ff235348d42cf357c57b
  md5: 543aa34958a33f3216746302473dd082
  depends:
  - __osx >=11.0
  - filelock
  - fsspec
  - jinja2
  - libabseil * cxx17*
  - libabseil >=20240116.2,<20240117.0a0
  - libcblas >=3.9.0,<4.0a0
  - libcxx >=17
  - liblapack >=3.9.0,<4.0a0
  - libprotobuf >=4.25.3,<4.25.4.0a0
  - libtorch 2.4.0.*
  - libuv >=1.48.0,<2.0a0
  - llvm-openmp >=17.0.6
  - networkx
  - nomkl
  - numpy >=1.22.4,<2.0a0
  - python >=3.8,<3.9.0a0
  - python >=3.8,<3.9.0a0 *_cpython
  - python_abi 3.8.* *_cp38
  - sleef >=3.6.1,<4.0a0
  - sympy >=1.13.1
  - typing_extensions >=4.8.0
  constrains:
  - pytorch-gpu ==99999999
  - pytorch-cpu ==2.4.0
  license: BSD-3-Clause
  license_family: BSD
  size: 21404792
  timestamp: 1724566513581
- conda: https://conda.anaconda.org/conda-forge/osx-arm64/readline-8.2-h1d1bf99_2.conda
  sha256: 7db04684d3904f6151eff8673270922d31da1eea7fa73254d01c437f49702e34
  md5: 63ef3f6e6d6d5c589e64f11263dc5676
  depends:
  - ncurses >=6.5,<7.0a0
  license: GPL-3.0-only
  license_family: GPL
  size: 252359
  timestamp: 1740379663071
- conda: https://conda.anaconda.org/conda-forge/osx-arm64/sleef-3.9.0-hb028509_0.conda
  sha256: 799d0578369e67b6d0d6ecdacada411c259629fc4a500b99703c5e85d0a68686
  md5: 68f833178f171cfffdd18854c0e9b7f9
  depends:
  - __osx >=11.0
  - libcxx >=19
  - llvm-openmp >=19.1.7
  license: BSL-1.0
  size: 587027
  timestamp: 1756274982526
- conda: https://conda.anaconda.org/conda-forge/noarch/sympy-1.13.3-pyh2585a3b_104.conda
  sha256: 35b2620d109c8a01a301222b4f546690316b7ed61d5c0325ec4a317fa27ea8d7
  md5: 68085d736d2b2f54498832b65059875d
  depends:
  - __unix
  - cpython
  - gmpy2 >=2.0.8
  - mpmath >=0.19
  - python >=3.8
  license: BSD-3-Clause
  license_family: BSD
  size: 4561387
  timestamp: 1728484644967
- conda: https://conda.anaconda.org/conda-forge/osx-arm64/tk-8.6.13-h892fb3f_2.conda
  sha256: cb86c522576fa95c6db4c878849af0bccfd3264daf0cc40dd18e7f4a7bfced0e
  md5: 7362396c170252e7b7b0c8fb37fe9c78
  depends:
  - __osx >=11.0
  - libzlib >=1.3.1,<2.0a0
  license: TCL
  license_family: BSD
  size: 3125538
  timestamp: 1748388189063
- conda: https://conda.anaconda.org/conda-forge/noarch/typing_extensions-4.12.2-pyha770c72_0.conda
  sha256: 0fce54f8ec3e59f5ef3bb7641863be4e1bf1279623e5af3d3fa726e8f7628ddb
  md5: ebe6952715e1d5eb567eeebf25250fa7
  depends:
  - python >=3.8
  license: PSF-2.0
  license_family: PSF
  size: 39888
  timestamp: 1717802653893
- conda: https://conda.anaconda.org/conda-forge/osx-arm64/xz-5.8.1-h9a6d368_2.conda
  sha256: afb747cf017b67cc31d54c6e6c4bd1b1e179fe487a3d23a856232ed7fd0b099b
  md5: 39435c82e5a007ef64cbb153ecc40cfd
  depends:
  - __osx >=11.0
  - liblzma 5.8.1 h39f12f2_2
  - liblzma-devel 5.8.1 h39f12f2_2
  - xz-gpl-tools 5.8.1 h9a6d368_2
  - xz-tools 5.8.1 h39f12f2_2
  license: 0BSD AND LGPL-2.1-or-later AND GPL-2.0-or-later
  size: 23995
  timestamp: 1749230346887
- conda: https://conda.anaconda.org/conda-forge/osx-arm64/xz-gpl-tools-5.8.1-h9a6d368_2.conda
  sha256: a0790cfb48d240e7b655b0d797a00040219cf39e3ee38e2104e548515df4f9c2
  md5: 09b1442c1d49ac7c5f758c44695e77d1
  depends:
  - __osx >=11.0
  - liblzma 5.8.1 h39f12f2_2
  constrains:
  - xz 5.8.1.*
  license: 0BSD AND LGPL-2.1-or-later AND GPL-2.0-or-later
  size: 34103
  timestamp: 1749230329933
- conda: https://conda.anaconda.org/conda-forge/osx-arm64/xz-tools-5.8.1-h39f12f2_2.conda
  sha256: 9d1232705e3d175f600dc8e344af9182d0341cdaa73d25330591a28532951063
  md5: 37996935aa33138fca43e4b4563b6a28
  depends:
  - __osx >=11.0
  - liblzma 5.8.1 h39f12f2_2
  constrains:
  - xz 5.8.1.*
  license: 0BSD AND LGPL-2.1-or-later
  size: 86425
  timestamp: 1749230316106
